
Microsoft Visual Studio Solution File, Format Version 12.00
# Visual Studio Version 17
VisualStudioVersion = 17.4.33205.214
MinimumVisualStudioVersion = 10.0.40219.1
Project("{FAE04EC0-301F-11D3-BF4B-00C04F79EFBC}") = "matrica 2", "matrica 2.csproj", "{F9BDDB55-5EC7-4697-B126-75353BA1685B}"
EndProject
Global
	GlobalSection(SolutionConfigurationPlatforms) = preSolution
		Debug|Any CPU = Debug|Any CPU
		Release|Any CPU = Release|Any CPU
	EndGlobalSection
	GlobalSection(ProjectConfigurationPlatforms) = postSolution
		{F9BDDB55-5EC7-4697-B126-75353BA1685B}.Debug|Any CPU.ActiveCfg = Debug|Any CPU
		{F9BDDB55-5EC7-4697-B126-75353BA1685B}.Debug|Any CPU.Build.0 = Debug|Any CPU
		{F9BDDB55-5EC7-4697-B126-75353BA1685B}.Release|Any CPU.ActiveCfg = Release|Any CPU
		{F9BDDB55-5EC7-4697-B126-75353BA1685B}.Release|Any CPU.Build.0 = Release|Any CPU
	EndGlobalSection
	GlobalSection(SolutionProperties) = preSolution
		HideSolutionNode = FALSE
	EndGlobalSection
	GlobalSection(ExtensibilityGlobals) = postSolution
		SolutionGuid = {9A54D22E-97BD-41E5-8FC7-6DFA7FD92F79}
	EndGlobalSection
EndGlobal
